
Microsoft Visual Studio Solution File, Format Version 12.00
# Visual Studio 2013
VisualStudioVersion = 12.0.31101.0
MinimumVisualStudioVersion = 10.0.40219.1
Project("{2150E333-8FDC-42A3-9474-1A3956D46DE8}") = "src", "src", "{7BCF4F62-6D03-4CA3-9D9F-56D4F5136F47}"
EndProject
Project("{F2A71F9B-5D33-465A-A702-920D77279786}") = "Arachne.Core", "src\Arachne.Core\Arachne.Core.fsproj", "{4D459379-2B7E-463B-8635-1FB18F97727D}"
EndProject
Project("{2150E333-8FDC-42A3-9474-1A3956D46DE8}") = "sln", "sln", "{E063EC87-F350-4433-97DF-BA98EA3E7177}"
EndProject
Project("{2150E333-8FDC-42A3-9474-1A3956D46DE8}") = "paket", "paket", "{C50437D5-0453-40A3-98CB-12276735904A}"
	ProjectSection(SolutionItems) = preProject
		paket.dependencies = paket.dependencies
		paket.lock = paket.lock
	EndProjectSection
EndProject
Project("{2150E333-8FDC-42A3-9474-1A3956D46DE8}") = "references", "references", "{2C81850E-18B1-4EA3-AB76-81253210EE4D}"
EndProject
Project("{2150E333-8FDC-42A3-9474-1A3956D46DE8}") = "src", "src", "{44DC96C8-E1DF-4444-ACF2-701D29412FEC}"
	ProjectSection(SolutionItems) = preProject
		src\Arachne.Core\Arachne.Core.fsproj.paket.references = src\Arachne.Core\Arachne.Core.fsproj.paket.references
		src\Arachne.Http.Cors\Arachne.Http.Cors.fsproj.paket.references = src\Arachne.Http.Cors\Arachne.Http.Cors.fsproj.paket.references
		src\Arachne.Http\Arachne.Http.fsproj.paket.references = src\Arachne.Http\Arachne.Http.fsproj.paket.references
		src\Arachne.Language\Arachne.Language.fsproj.paket.references = src\Arachne.Language\Arachne.Language.fsproj.paket.references
		src\Arachne.Uri\Arachne.Uri.fsproj.paket.references = src\Arachne.Uri\Arachne.Uri.fsproj.paket.references
		src\Arachne.Uri.Template\Arachne.Uri.Template.fsproj.paket.references = src\Arachne.Uri.Template\Arachne.Uri.Template.fsproj.paket.references
	EndProjectSection
EndProject
Project("{F2A71F9B-5D33-465A-A702-920D77279786}") = "Arachne.Language", "src\Arachne.Language\Arachne.Language.fsproj", "{8C5FD979-8BA7-4CA1-A6A8-1F21D81DB8E9}"
EndProject
Project("{F2A71F9B-5D33-465A-A702-920D77279786}") = "Arachne.Uri", "src\Arachne.Uri\Arachne.Uri.fsproj", "{C45C7991-1168-4BED-AFF6-3538E0D1B5E6}"
EndProject
Project("{F2A71F9B-5D33-465A-A702-920D77279786}") = "Arachne.Uri.Template", "src\Arachne.Uri.Template\Arachne.Uri.Template.fsproj", "{6070ADFC-F163-4B97-BB6B-2234E26BBEC4}"
EndProject
Project("{F2A71F9B-5D33-465A-A702-920D77279786}") = "Arachne.Http", "src\Arachne.Http\Arachne.Http.fsproj", "{9B0CC1A9-6F06-4950-BA20-0E6644738DD3}"
EndProject
Project("{F2A71F9B-5D33-465A-A702-920D77279786}") = "Arachne.Http.Cors", "src\Arachne.Http.Cors\Arachne.Http.Cors.fsproj", "{15087E9E-3D42-4516-9BED-B5C52953C190}"
EndProject
Global
	GlobalSection(SolutionConfigurationPlatforms) = preSolution
		Debug|Any CPU = Debug|Any CPU
		Release|Any CPU = Release|Any CPU
	EndGlobalSection
	GlobalSection(ProjectConfigurationPlatforms) = postSolution
		{4D459379-2B7E-463B-8635-1FB18F97727D}.Debug|Any CPU.ActiveCfg = Debug|Any CPU
		{4D459379-2B7E-463B-8635-1FB18F97727D}.Debug|Any CPU.Build.0 = Debug|Any CPU
		{4D459379-2B7E-463B-8635-1FB18F97727D}.Release|Any CPU.ActiveCfg = Release|Any CPU
		{4D459379-2B7E-463B-8635-1FB18F97727D}.Release|Any CPU.Build.0 = Release|Any CPU
		{8C5FD979-8BA7-4CA1-A6A8-1F21D81DB8E9}.Debug|Any CPU.ActiveCfg = Debug|Any CPU
		{8C5FD979-8BA7-4CA1-A6A8-1F21D81DB8E9}.Debug|Any CPU.Build.0 = Debug|Any CPU
		{8C5FD979-8BA7-4CA1-A6A8-1F21D81DB8E9}.Release|Any CPU.ActiveCfg = Release|Any CPU
		{8C5FD979-8BA7-4CA1-A6A8-1F21D81DB8E9}.Release|Any CPU.Build.0 = Release|Any CPU
		{C45C7991-1168-4BED-AFF6-3538E0D1B5E6}.Debug|Any CPU.ActiveCfg = Debug|Any CPU
		{C45C7991-1168-4BED-AFF6-3538E0D1B5E6}.Debug|Any CPU.Build.0 = Debug|Any CPU
		{C45C7991-1168-4BED-AFF6-3538E0D1B5E6}.Release|Any CPU.ActiveCfg = Release|Any CPU
		{C45C7991-1168-4BED-AFF6-3538E0D1B5E6}.Release|Any CPU.Build.0 = Release|Any CPU
		{6070ADFC-F163-4B97-BB6B-2234E26BBEC4}.Debug|Any CPU.ActiveCfg = Debug|Any CPU
		{6070ADFC-F163-4B97-BB6B-2234E26BBEC4}.Debug|Any CPU.Build.0 = Debug|Any CPU
		{6070ADFC-F163-4B97-BB6B-2234E26BBEC4}.Release|Any CPU.ActiveCfg = Release|Any CPU
		{6070ADFC-F163-4B97-BB6B-2234E26BBEC4}.Release|Any CPU.Build.0 = Release|Any CPU
		{9B0CC1A9-6F06-4950-BA20-0E6644738DD3}.Debug|Any CPU.ActiveCfg = Debug|Any CPU
		{9B0CC1A9-6F06-4950-BA20-0E6644738DD3}.Debug|Any CPU.Build.0 = Debug|Any CPU
		{9B0CC1A9-6F06-4950-BA20-0E6644738DD3}.Release|Any CPU.ActiveCfg = Release|Any CPU
		{9B0CC1A9-6F06-4950-BA20-0E6644738DD3}.Release|Any CPU.Build.0 = Release|Any CPU
		{15087E9E-3D42-4516-9BED-B5C52953C190}.Debug|Any CPU.ActiveCfg = Debug|Any CPU
		{15087E9E-3D42-4516-9BED-B5C52953C190}.Debug|Any CPU.Build.0 = Debug|Any CPU
		{15087E9E-3D42-4516-9BED-B5C52953C190}.Release|Any CPU.ActiveCfg = Release|Any CPU
		{15087E9E-3D42-4516-9BED-B5C52953C190}.Release|Any CPU.Build.0 = Release|Any CPU
	EndGlobalSection
	GlobalSection(SolutionProperties) = preSolution
		HideSolutionNode = FALSE
	EndGlobalSection
	GlobalSection(NestedProjects) = preSolution
		{4D459379-2B7E-463B-8635-1FB18F97727D} = {7BCF4F62-6D03-4CA3-9D9F-56D4F5136F47}
		{C50437D5-0453-40A3-98CB-12276735904A} = {E063EC87-F350-4433-97DF-BA98EA3E7177}
		{2C81850E-18B1-4EA3-AB76-81253210EE4D} = {C50437D5-0453-40A3-98CB-12276735904A}
		{44DC96C8-E1DF-4444-ACF2-701D29412FEC} = {2C81850E-18B1-4EA3-AB76-81253210EE4D}
		{8C5FD979-8BA7-4CA1-A6A8-1F21D81DB8E9} = {7BCF4F62-6D03-4CA3-9D9F-56D4F5136F47}
		{C45C7991-1168-4BED-AFF6-3538E0D1B5E6} = {7BCF4F62-6D03-4CA3-9D9F-56D4F5136F47}
		{6070ADFC-F163-4B97-BB6B-2234E26BBEC4} = {7BCF4F62-6D03-4CA3-9D9F-56D4F5136F47}
		{9B0CC1A9-6F06-4950-BA20-0E6644738DD3} = {7BCF4F62-6D03-4CA3-9D9F-56D4F5136F47}
		{15087E9E-3D42-4516-9BED-B5C52953C190} = {7BCF4F62-6D03-4CA3-9D9F-56D4F5136F47}
	EndGlobalSection
EndGlobal
