
Microsoft Visual Studio Solution File, Format Version 12.00
# Visual Studio 14
VisualStudioVersion = 14.0.24720.0
MinimumVisualStudioVersion = 10.0.40219.1
Project("{2150E333-8FDC-42A3-9474-1A3956D46DE8}") = "src", "src", "{7BCF4F62-6D03-4CA3-9D9F-56D4F5136F47}"
EndProject
Project("{2150E333-8FDC-42A3-9474-1A3956D46DE8}") = "sln", "sln", "{E063EC87-F350-4433-97DF-BA98EA3E7177}"
	ProjectSection(SolutionItems) = preProject
		LICENSE.md = LICENSE.md
		README.md = README.md
		RELEASE_NOTES.md = RELEASE_NOTES.md
	EndProjectSection
EndProject
Project("{2150E333-8FDC-42A3-9474-1A3956D46DE8}") = "paket", "paket", "{C50437D5-0453-40A3-98CB-12276735904A}"
	ProjectSection(SolutionItems) = preProject
		paket.dependencies = paket.dependencies
		paket.lock = paket.lock
	EndProjectSection
EndProject
Project("{2150E333-8FDC-42A3-9474-1A3956D46DE8}") = "references", "references", "{2C81850E-18B1-4EA3-AB76-81253210EE4D}"
EndProject
Project("{2150E333-8FDC-42A3-9474-1A3956D46DE8}") = "src", "src", "{44DC96C8-E1DF-4444-ACF2-701D29412FEC}"
	ProjectSection(SolutionItems) = preProject
		src\Arachne.Core\Arachne.Core.fsproj.paket.references = src\Arachne.Core\Arachne.Core.fsproj.paket.references
		src\Arachne.Http.Cors\Arachne.Http.Cors.fsproj.paket.references = src\Arachne.Http.Cors\Arachne.Http.Cors.fsproj.paket.references
		src\Arachne.Http\Arachne.Http.fsproj.paket.references = src\Arachne.Http\Arachne.Http.fsproj.paket.references
		src\Arachne.Http.State\Arachne.Http.State.fsproj.paket.references = src\Arachne.Http.State\Arachne.Http.State.fsproj.paket.references
		src\Arachne.Language\Arachne.Language.fsproj.paket.references = src\Arachne.Language\Arachne.Language.fsproj.paket.references
		src\Arachne.Uri\Arachne.Uri.fsproj.paket.references = src\Arachne.Uri\Arachne.Uri.fsproj.paket.references
		src\Arachne.Uri.Template\Arachne.Uri.Template.fsproj.paket.references = src\Arachne.Uri.Template\Arachne.Uri.Template.fsproj.paket.references
	EndProjectSection
EndProject
Project("{2150E333-8FDC-42A3-9474-1A3956D46DE8}") = "fake", "fake", "{85452D60-BFFB-47E7-82C1-8FA6134455C8}"
	ProjectSection(SolutionItems) = preProject
		build.cmd = build.cmd
		build.fsx = build.fsx
		build.sh = build.sh
	EndProjectSection
EndProject
Project("{2150E333-8FDC-42A3-9474-1A3956D46DE8}") = "tests", "tests", "{A430AC63-4200-4222-9A31-6077382E86DD}"
EndProject
Project("{2150E333-8FDC-42A3-9474-1A3956D46DE8}") = "tests", "tests", "{D86C1328-50F6-471F-86D0-486389BD9184}"
	ProjectSection(SolutionItems) = preProject
		tests\Arachne.Core.Tests\Arachne.Core.Tests.fsproj.paket.references = tests\Arachne.Core.Tests\Arachne.Core.Tests.fsproj.paket.references
		tests\Arachne.Http.Cors.Tests\Arachne.Http.Cors.Tests.fsproj.paket.references = tests\Arachne.Http.Cors.Tests\Arachne.Http.Cors.Tests.fsproj.paket.references
		tests\Arachne.Http.State.Tests\Arachne.Http.State.Tests.fsproj.paket.references = tests\Arachne.Http.State.Tests\Arachne.Http.State.Tests.fsproj.paket.references
		tests\Arachne.Http.Tests\Arachne.Http.Tests.fsproj.paket.references = tests\Arachne.Http.Tests\Arachne.Http.Tests.fsproj.paket.references
		tests\Arachne.Language.Tests\Arachne.Language.Tests.fsproj.paket.references = tests\Arachne.Language.Tests\Arachne.Language.Tests.fsproj.paket.references
		tests\Arachne.Uri.Template.Tests\Arachne.Uri.Template.Tests.fsproj.paket.references = tests\Arachne.Uri.Template.Tests\Arachne.Uri.Template.Tests.fsproj.paket.references
		tests\Arachne.Uri.Tests\Arachne.Uri.Tests.fsproj.paket.references = tests\Arachne.Uri.Tests\Arachne.Uri.Tests.fsproj.paket.references
	EndProjectSection
EndProject
Project("{2150E333-8FDC-42A3-9474-1A3956D46DE8}") = "targets", "targets", "{7AD28056-ACBF-49AF-90BB-618856A82CE4}"
EndProject
Project("{F2A71F9B-5D33-465A-A702-920D77279786}") = "Arachne.Core", "src\Arachne.Core\Arachne.Core.fsproj", "{7CF420BE-13A1-4AD1-AE20-3DD855DEA83F}"
EndProject
Project("{F2A71F9B-5D33-465A-A702-920D77279786}") = "Arachne.Core.Profile259", "targets\Arachne.Core.Profile259\Arachne.Core.Profile259.fsproj", "{9828B067-3AB0-4314-B23E-DF14F45F3B5C}"
EndProject
Project("{2150E333-8FDC-42A3-9474-1A3956D46DE8}") = "targets", "targets", "{805B3D74-521F-4EA1-A8AC-5824170A8042}"
EndProject
Project("{F2A71F9B-5D33-465A-A702-920D77279786}") = "Arachne.Language", "src\Arachne.Language\Arachne.Language.fsproj", "{AD464231-BE65-4905-A491-13B6BC0BCF79}"
EndProject
Project("{F2A71F9B-5D33-465A-A702-920D77279786}") = "Arachne.Language.Profile259", "targets\Arachne.Language.Profile259\Arachne.Language.Profile259.fsproj", "{752CAF34-EECD-49BE-B5C3-AB8D33A1C849}"
EndProject
Project("{F2A71F9B-5D33-465A-A702-920D77279786}") = "Arachne.Http", "src\Arachne.Http\Arachne.Http.fsproj", "{29C6CF05-2B38-4A50-BE15-EB2595029D5C}"
EndProject
Project("{F2A71F9B-5D33-465A-A702-920D77279786}") = "Arachne.Http.Cors", "src\Arachne.Http.Cors\Arachne.Http.Cors.fsproj", "{86F19EE3-1413-4A44-A6A8-969554DAEDD2}"
EndProject
Project("{F2A71F9B-5D33-465A-A702-920D77279786}") = "Arachne.Http.State", "src\Arachne.Http.State\Arachne.Http.State.fsproj", "{91DB0E82-30D1-4074-BE15-88A4FB823539}"
EndProject
Project("{F2A71F9B-5D33-465A-A702-920D77279786}") = "Arachne.Uri", "src\Arachne.Uri\Arachne.Uri.fsproj", "{529C0E46-3192-4E6F-8895-58F3227E4980}"
EndProject
Project("{F2A71F9B-5D33-465A-A702-920D77279786}") = "Arachne.Uri.Template", "src\Arachne.Uri.Template\Arachne.Uri.Template.fsproj", "{B67E1C2A-7D75-4869-9D20-1CE95FFF8683}"
EndProject
Project("{F2A71F9B-5D33-465A-A702-920D77279786}") = "Arachne.Core.Tests", "tests\Arachne.Core.Tests\Arachne.Core.Tests.fsproj", "{1BF336FC-964F-42B0-9AB2-46553D29A2D1}"
EndProject
Project("{F2A71F9B-5D33-465A-A702-920D77279786}") = "Arachne.Language.Tests", "tests\Arachne.Language.Tests\Arachne.Language.Tests.fsproj", "{7E7E4D33-359D-40FF-9252-80B1086AEFD1}"
EndProject
Project("{F2A71F9B-5D33-465A-A702-920D77279786}") = "Arachne.Http.Cors.Tests", "tests\Arachne.Http.Cors.Tests\Arachne.Http.Cors.Tests.fsproj", "{EE4C971F-4067-447E-A062-E8A8DE53D593}"
EndProject
Project("{F2A71F9B-5D33-465A-A702-920D77279786}") = "Arachne.Http.State.Tests", "tests\Arachne.Http.State.Tests\Arachne.Http.State.Tests.fsproj", "{7834A6E3-78F0-4AC9-BFDB-C123F48A74D9}"
EndProject
Project("{F2A71F9B-5D33-465A-A702-920D77279786}") = "Arachne.Http.Tests", "tests\Arachne.Http.Tests\Arachne.Http.Tests.fsproj", "{C94C284C-100D-4CD5-9122-3F350667DE14}"
EndProject
Project("{F2A71F9B-5D33-465A-A702-920D77279786}") = "Arachne.Uri.Template.Tests", "tests\Arachne.Uri.Template.Tests\Arachne.Uri.Template.Tests.fsproj", "{6EE7280A-3E64-4012-AA20-37E188082604}"
EndProject
Project("{F2A71F9B-5D33-465A-A702-920D77279786}") = "Arachne.Uri.Tests", "src\Arachne.Uri.Tests\Arachne.Uri.Tests.fsproj", "{06064F8A-CE00-47F6-AB0C-31AA909CDD91}"
EndProject
Project("{2150E333-8FDC-42A3-9474-1A3956D46DE8}") = "profile259", "profile259", "{ECFBB608-C745-43E5-9E08-60DFB38E7981}"
EndProject
Project("{F2A71F9B-5D33-465A-A702-920D77279786}") = "Arachne.Uri.Profile259", "targets\Arachne.Uri.Profile259\Arachne.Uri.Profile259.fsproj", "{FA883D60-0C1D-4218-A44D-2EA7F71F1714}"
EndProject
Project("{2150E333-8FDC-42A3-9474-1A3956D46DE8}") = "profile259", "profile259", "{35C8DC4A-DC3D-46D0-99C2-00519D26DDF7}"
	ProjectSection(SolutionItems) = preProject
		targets\Arachne.Core.Profile259\Arachne.Core.Profile259.fsproj.paket.references = targets\Arachne.Core.Profile259\Arachne.Core.Profile259.fsproj.paket.references
		targets\Arachne.Language.Profile259\Arachne.Language.Profile259.fsproj.paket.references = targets\Arachne.Language.Profile259\Arachne.Language.Profile259.fsproj.paket.references
		targets\Arachne.Uri.Profile259\Arachne.Uri.Profile259.fsproj.paket.references = targets\Arachne.Uri.Profile259\Arachne.Uri.Profile259.fsproj.paket.references
		targets\Arachne.Uri.Template.Profile259\Arachne.Uri.Template.Profile259.fsproj.paket.references = targets\Arachne.Uri.Template.Profile259\Arachne.Uri.Template.Profile259.fsproj.paket.references
	EndProjectSection
EndProject
Project("{F2A71F9B-5D33-465A-A702-920D77279786}") = "Arachne.Uri.Template.Profile259", "targets\Arachne.Uri.Template.Profile259\Arachne.Uri.Template.Profile259.fsproj", "{48B5B68B-C98B-4253-A79B-339CA9AEA632}"
EndProject
Global
	GlobalSection(SolutionConfigurationPlatforms) = preSolution
		Debug|Any CPU = Debug|Any CPU
		Release|Any CPU = Release|Any CPU
	EndGlobalSection
	GlobalSection(ProjectConfigurationPlatforms) = postSolution
		{7CF420BE-13A1-4AD1-AE20-3DD855DEA83F}.Debug|Any CPU.ActiveCfg = Debug|Any CPU
		{7CF420BE-13A1-4AD1-AE20-3DD855DEA83F}.Debug|Any CPU.Build.0 = Debug|Any CPU
		{7CF420BE-13A1-4AD1-AE20-3DD855DEA83F}.Release|Any CPU.ActiveCfg = Release|Any CPU
		{7CF420BE-13A1-4AD1-AE20-3DD855DEA83F}.Release|Any CPU.Build.0 = Release|Any CPU
		{9828B067-3AB0-4314-B23E-DF14F45F3B5C}.Debug|Any CPU.ActiveCfg = Debug|Any CPU
		{9828B067-3AB0-4314-B23E-DF14F45F3B5C}.Debug|Any CPU.Build.0 = Debug|Any CPU
		{9828B067-3AB0-4314-B23E-DF14F45F3B5C}.Release|Any CPU.ActiveCfg = Release|Any CPU
		{9828B067-3AB0-4314-B23E-DF14F45F3B5C}.Release|Any CPU.Build.0 = Release|Any CPU
		{AD464231-BE65-4905-A491-13B6BC0BCF79}.Debug|Any CPU.ActiveCfg = Debug|Any CPU
		{AD464231-BE65-4905-A491-13B6BC0BCF79}.Debug|Any CPU.Build.0 = Debug|Any CPU
		{AD464231-BE65-4905-A491-13B6BC0BCF79}.Release|Any CPU.ActiveCfg = Release|Any CPU
		{AD464231-BE65-4905-A491-13B6BC0BCF79}.Release|Any CPU.Build.0 = Release|Any CPU
		{752CAF34-EECD-49BE-B5C3-AB8D33A1C849}.Debug|Any CPU.ActiveCfg = Debug|Any CPU
		{752CAF34-EECD-49BE-B5C3-AB8D33A1C849}.Debug|Any CPU.Build.0 = Debug|Any CPU
		{752CAF34-EECD-49BE-B5C3-AB8D33A1C849}.Release|Any CPU.ActiveCfg = Release|Any CPU
		{752CAF34-EECD-49BE-B5C3-AB8D33A1C849}.Release|Any CPU.Build.0 = Release|Any CPU
		{29C6CF05-2B38-4A50-BE15-EB2595029D5C}.Debug|Any CPU.ActiveCfg = Debug|Any CPU
		{29C6CF05-2B38-4A50-BE15-EB2595029D5C}.Debug|Any CPU.Build.0 = Debug|Any CPU
		{29C6CF05-2B38-4A50-BE15-EB2595029D5C}.Release|Any CPU.ActiveCfg = Release|Any CPU
		{29C6CF05-2B38-4A50-BE15-EB2595029D5C}.Release|Any CPU.Build.0 = Release|Any CPU
		{86F19EE3-1413-4A44-A6A8-969554DAEDD2}.Debug|Any CPU.ActiveCfg = Debug|Any CPU
		{86F19EE3-1413-4A44-A6A8-969554DAEDD2}.Debug|Any CPU.Build.0 = Debug|Any CPU
		{86F19EE3-1413-4A44-A6A8-969554DAEDD2}.Release|Any CPU.ActiveCfg = Release|Any CPU
		{86F19EE3-1413-4A44-A6A8-969554DAEDD2}.Release|Any CPU.Build.0 = Release|Any CPU
		{91DB0E82-30D1-4074-BE15-88A4FB823539}.Debug|Any CPU.ActiveCfg = Debug|Any CPU
		{91DB0E82-30D1-4074-BE15-88A4FB823539}.Debug|Any CPU.Build.0 = Debug|Any CPU
		{91DB0E82-30D1-4074-BE15-88A4FB823539}.Release|Any CPU.ActiveCfg = Release|Any CPU
		{91DB0E82-30D1-4074-BE15-88A4FB823539}.Release|Any CPU.Build.0 = Release|Any CPU
		{529C0E46-3192-4E6F-8895-58F3227E4980}.Debug|Any CPU.ActiveCfg = Debug|Any CPU
		{529C0E46-3192-4E6F-8895-58F3227E4980}.Debug|Any CPU.Build.0 = Debug|Any CPU
		{529C0E46-3192-4E6F-8895-58F3227E4980}.Release|Any CPU.ActiveCfg = Release|Any CPU
		{529C0E46-3192-4E6F-8895-58F3227E4980}.Release|Any CPU.Build.0 = Release|Any CPU
		{B67E1C2A-7D75-4869-9D20-1CE95FFF8683}.Debug|Any CPU.ActiveCfg = Debug|Any CPU
		{B67E1C2A-7D75-4869-9D20-1CE95FFF8683}.Debug|Any CPU.Build.0 = Debug|Any CPU
		{B67E1C2A-7D75-4869-9D20-1CE95FFF8683}.Release|Any CPU.ActiveCfg = Release|Any CPU
		{B67E1C2A-7D75-4869-9D20-1CE95FFF8683}.Release|Any CPU.Build.0 = Release|Any CPU
		{1BF336FC-964F-42B0-9AB2-46553D29A2D1}.Debug|Any CPU.ActiveCfg = Debug|Any CPU
		{1BF336FC-964F-42B0-9AB2-46553D29A2D1}.Debug|Any CPU.Build.0 = Debug|Any CPU
		{1BF336FC-964F-42B0-9AB2-46553D29A2D1}.Release|Any CPU.ActiveCfg = Release|Any CPU
		{1BF336FC-964F-42B0-9AB2-46553D29A2D1}.Release|Any CPU.Build.0 = Release|Any CPU
		{7E7E4D33-359D-40FF-9252-80B1086AEFD1}.Debug|Any CPU.ActiveCfg = Debug|Any CPU
		{7E7E4D33-359D-40FF-9252-80B1086AEFD1}.Debug|Any CPU.Build.0 = Debug|Any CPU
		{7E7E4D33-359D-40FF-9252-80B1086AEFD1}.Release|Any CPU.ActiveCfg = Release|Any CPU
		{7E7E4D33-359D-40FF-9252-80B1086AEFD1}.Release|Any CPU.Build.0 = Release|Any CPU
		{EE4C971F-4067-447E-A062-E8A8DE53D593}.Debug|Any CPU.ActiveCfg = Debug|Any CPU
		{EE4C971F-4067-447E-A062-E8A8DE53D593}.Debug|Any CPU.Build.0 = Debug|Any CPU
		{EE4C971F-4067-447E-A062-E8A8DE53D593}.Release|Any CPU.ActiveCfg = Release|Any CPU
		{EE4C971F-4067-447E-A062-E8A8DE53D593}.Release|Any CPU.Build.0 = Release|Any CPU
		{7834A6E3-78F0-4AC9-BFDB-C123F48A74D9}.Debug|Any CPU.ActiveCfg = Debug|Any CPU
		{7834A6E3-78F0-4AC9-BFDB-C123F48A74D9}.Debug|Any CPU.Build.0 = Debug|Any CPU
		{7834A6E3-78F0-4AC9-BFDB-C123F48A74D9}.Release|Any CPU.ActiveCfg = Release|Any CPU
		{7834A6E3-78F0-4AC9-BFDB-C123F48A74D9}.Release|Any CPU.Build.0 = Release|Any CPU
		{C94C284C-100D-4CD5-9122-3F350667DE14}.Debug|Any CPU.ActiveCfg = Debug|Any CPU
		{C94C284C-100D-4CD5-9122-3F350667DE14}.Debug|Any CPU.Build.0 = Debug|Any CPU
		{C94C284C-100D-4CD5-9122-3F350667DE14}.Release|Any CPU.ActiveCfg = Release|Any CPU
		{C94C284C-100D-4CD5-9122-3F350667DE14}.Release|Any CPU.Build.0 = Release|Any CPU
		{6EE7280A-3E64-4012-AA20-37E188082604}.Debug|Any CPU.ActiveCfg = Debug|Any CPU
		{6EE7280A-3E64-4012-AA20-37E188082604}.Debug|Any CPU.Build.0 = Debug|Any CPU
		{6EE7280A-3E64-4012-AA20-37E188082604}.Release|Any CPU.ActiveCfg = Release|Any CPU
		{6EE7280A-3E64-4012-AA20-37E188082604}.Release|Any CPU.Build.0 = Release|Any CPU
		{06064F8A-CE00-47F6-AB0C-31AA909CDD91}.Debug|Any CPU.ActiveCfg = Debug|Any CPU
		{06064F8A-CE00-47F6-AB0C-31AA909CDD91}.Debug|Any CPU.Build.0 = Debug|Any CPU
		{06064F8A-CE00-47F6-AB0C-31AA909CDD91}.Release|Any CPU.ActiveCfg = Release|Any CPU
		{06064F8A-CE00-47F6-AB0C-31AA909CDD91}.Release|Any CPU.Build.0 = Release|Any CPU
		{FA883D60-0C1D-4218-A44D-2EA7F71F1714}.Debug|Any CPU.ActiveCfg = Debug|Any CPU
		{FA883D60-0C1D-4218-A44D-2EA7F71F1714}.Debug|Any CPU.Build.0 = Debug|Any CPU
		{FA883D60-0C1D-4218-A44D-2EA7F71F1714}.Release|Any CPU.ActiveCfg = Release|Any CPU
		{FA883D60-0C1D-4218-A44D-2EA7F71F1714}.Release|Any CPU.Build.0 = Release|Any CPU
		{48B5B68B-C98B-4253-A79B-339CA9AEA632}.Debug|Any CPU.ActiveCfg = Debug|Any CPU
		{48B5B68B-C98B-4253-A79B-339CA9AEA632}.Debug|Any CPU.Build.0 = Debug|Any CPU
		{48B5B68B-C98B-4253-A79B-339CA9AEA632}.Release|Any CPU.ActiveCfg = Release|Any CPU
		{48B5B68B-C98B-4253-A79B-339CA9AEA632}.Release|Any CPU.Build.0 = Release|Any CPU
	EndGlobalSection
	GlobalSection(SolutionProperties) = preSolution
		HideSolutionNode = FALSE
	EndGlobalSection
	GlobalSection(NestedProjects) = preSolution
		{C50437D5-0453-40A3-98CB-12276735904A} = {E063EC87-F350-4433-97DF-BA98EA3E7177}
		{2C81850E-18B1-4EA3-AB76-81253210EE4D} = {C50437D5-0453-40A3-98CB-12276735904A}
		{44DC96C8-E1DF-4444-ACF2-701D29412FEC} = {2C81850E-18B1-4EA3-AB76-81253210EE4D}
		{85452D60-BFFB-47E7-82C1-8FA6134455C8} = {E063EC87-F350-4433-97DF-BA98EA3E7177}
		{D86C1328-50F6-471F-86D0-486389BD9184} = {2C81850E-18B1-4EA3-AB76-81253210EE4D}
		{7CF420BE-13A1-4AD1-AE20-3DD855DEA83F} = {7BCF4F62-6D03-4CA3-9D9F-56D4F5136F47}
		{9828B067-3AB0-4314-B23E-DF14F45F3B5C} = {ECFBB608-C745-43E5-9E08-60DFB38E7981}
		{805B3D74-521F-4EA1-A8AC-5824170A8042} = {2C81850E-18B1-4EA3-AB76-81253210EE4D}
		{AD464231-BE65-4905-A491-13B6BC0BCF79} = {7BCF4F62-6D03-4CA3-9D9F-56D4F5136F47}
		{752CAF34-EECD-49BE-B5C3-AB8D33A1C849} = {ECFBB608-C745-43E5-9E08-60DFB38E7981}
		{29C6CF05-2B38-4A50-BE15-EB2595029D5C} = {7BCF4F62-6D03-4CA3-9D9F-56D4F5136F47}
		{86F19EE3-1413-4A44-A6A8-969554DAEDD2} = {7BCF4F62-6D03-4CA3-9D9F-56D4F5136F47}
		{91DB0E82-30D1-4074-BE15-88A4FB823539} = {7BCF4F62-6D03-4CA3-9D9F-56D4F5136F47}
		{529C0E46-3192-4E6F-8895-58F3227E4980} = {7BCF4F62-6D03-4CA3-9D9F-56D4F5136F47}
		{B67E1C2A-7D75-4869-9D20-1CE95FFF8683} = {7BCF4F62-6D03-4CA3-9D9F-56D4F5136F47}
		{1BF336FC-964F-42B0-9AB2-46553D29A2D1} = {A430AC63-4200-4222-9A31-6077382E86DD}
		{7E7E4D33-359D-40FF-9252-80B1086AEFD1} = {A430AC63-4200-4222-9A31-6077382E86DD}
		{EE4C971F-4067-447E-A062-E8A8DE53D593} = {A430AC63-4200-4222-9A31-6077382E86DD}
		{7834A6E3-78F0-4AC9-BFDB-C123F48A74D9} = {A430AC63-4200-4222-9A31-6077382E86DD}
		{C94C284C-100D-4CD5-9122-3F350667DE14} = {A430AC63-4200-4222-9A31-6077382E86DD}
		{6EE7280A-3E64-4012-AA20-37E188082604} = {A430AC63-4200-4222-9A31-6077382E86DD}
		{06064F8A-CE00-47F6-AB0C-31AA909CDD91} = {A430AC63-4200-4222-9A31-6077382E86DD}
		{ECFBB608-C745-43E5-9E08-60DFB38E7981} = {7AD28056-ACBF-49AF-90BB-618856A82CE4}
		{FA883D60-0C1D-4218-A44D-2EA7F71F1714} = {ECFBB608-C745-43E5-9E08-60DFB38E7981}
		{35C8DC4A-DC3D-46D0-99C2-00519D26DDF7} = {805B3D74-521F-4EA1-A8AC-5824170A8042}
		{48B5B68B-C98B-4253-A79B-339CA9AEA632} = {ECFBB608-C745-43E5-9E08-60DFB38E7981}
	EndGlobalSection
EndGlobal
